
Microsoft Visual Studio Solution File, Format Version 12.00
# Visual Studio Version 16
VisualStudioVersion = 16.0.30523.141
MinimumVisualStudioVersion = 10.0.40219.1
Project("{34233C67-40BD-4F94-9DD4-9F95D92AEA50}") = "RabbitLight", "RabbitLight.csproj", "{0765AC5A-E536-4C8F-B1CB-4EDB401F1E0C}"
EndProject
Global
	GlobalSection(SolutionConfigurationPlatforms) = preSolution
		Debug|Any CPU = Debug|Any CPU
		Release|Any CPU = Release|Any CPU
	EndGlobalSection
	GlobalSection(ProjectConfigurationPlatforms) = postSolution
		{0765AC5A-E536-4C8F-B1CB-4EDB401F1E0C}.Debug|Any CPU.ActiveCfg = Debug|Any CPU
		{0765AC5A-E536-4C8F-B1CB-4EDB401F1E0C}.Debug|Any CPU.Build.0 = Debug|Any CPU
		{0765AC5A-E536-4C8F-B1CB-4EDB401F1E0C}.Release|Any CPU.ActiveCfg = Release|Any CPU
		{0765AC5A-E536-4C8F-B1CB-4EDB401F1E0C}.Release|Any CPU.Build.0 = Release|Any CPU
	EndGlobalSection
	GlobalSection(SolutionProperties) = preSolution
		HideSolutionNode = FALSE
	EndGlobalSection
	GlobalSection(ExtensibilityGlobals) = postSolution
		SolutionGuid = {4AC785DE-2EB2-4957-BA1B-1B8E60A6FAEA}
	EndGlobalSection
EndGlobal
